
Microsoft Visual Studio Solution File, Format Version 12.00
# Visual Studio Version 17
VisualStudioVersion = 17.7.34018.315
MinimumVisualStudioVersion = 10.0.40219.1
Project("{FAE04EC0-301F-11D3-BF4B-00C04F79EFBC}") = "A", "A.csproj", "{9660445D-6E42-4971-8CF8-21F30CC9E3DC}"
EndProject
Global
	GlobalSection(SolutionConfigurationPlatforms) = preSolution
		Debug|Any CPU = Debug|Any CPU
		Release|Any CPU = Release|Any CPU
	EndGlobalSection
	GlobalSection(ProjectConfigurationPlatforms) = postSolution
		{9660445D-6E42-4971-8CF8-21F30CC9E3DC}.Debug|Any CPU.ActiveCfg = Debug|Any CPU
		{9660445D-6E42-4971-8CF8-21F30CC9E3DC}.Debug|Any CPU.Build.0 = Debug|Any CPU
		{9660445D-6E42-4971-8CF8-21F30CC9E3DC}.Release|Any CPU.ActiveCfg = Release|Any CPU
		{9660445D-6E42-4971-8CF8-21F30CC9E3DC}.Release|Any CPU.Build.0 = Release|Any CPU
	EndGlobalSection
	GlobalSection(SolutionProperties) = preSolution
		HideSolutionNode = FALSE
	EndGlobalSection
	GlobalSection(ExtensibilityGlobals) = postSolution
		SolutionGuid = {E73B444B-CFD3-4529-9BAD-D568A7ED7363}
	EndGlobalSection
EndGlobal
